hash: 04f97b04a32bd218782cbc76147d7eedb423923f78d7ceb1f6b48e4633e7eb2a
updated: 2017-10-26T18:58:58.371367693-07:00
imports:
- name: github.com/rs/zerolog
  version: 9d194eb6f50e8718a6d6f8f1e1f0bf3ddf4065f1
  subpackages:
  - internal/json
testImports:
- name: github.com/gopherjs/gopherjs
  version: a0a7cfed7b2a54080888fd2b3d4a3ec14562c86c
  subpackages:
  - js
- name: github.com/jtolds/gls
  version: 77f18212c9c7edc9bd6a33d383a7b545ce62f064
- name: github.com/smartystreets/assertions
  version: 0b37b35ec7434b77e77a4bb29b79677cced992ea
  subpackages:
  - internal/go-render/render
  - internal/oglematchers
- name: github.com/smartystreets/goconvey
  version: e5b2b7c9111590d019a696c7800593f666e1a7f4
  subpackages:
  - convey
  - convey/gotest
  - convey/reporting
